// !$*UTF8*$!
{
	archiveVersion = 1;
	classes = {
	};
	objectVersion = 46;
	objects = {

/* Begin PBXBuildFile section */
		B949EE751B3D3AB200BCACE9 /* SuperpixelHandling.cpp in Sources */ = {isa = PBXBuildFile; fileRef = B949EE731B3D3AB200BCACE9 /* SuperpixelHandling.cpp */; };
		B9679E341C4396750007E93A /* libSLIC.a in Frameworks */ = {isa = PBXBuildFile; fileRef = B9679E331C4396750007E93A /* libSLIC.a */; };
		B980766C1B42591F00BA980C /* OpticalFlow.cpp in Sources */ = {isa = PBXBuildFile; fileRef = B980766A1B42591F00BA980C /* OpticalFlow.cpp */; };
		B9E1A2EC1B3D17560058FE19 /* main.cpp in Sources */ = {isa = PBXBuildFile; fileRef = B9E1A2E91B3D17560058FE19 /* main.cpp */; };
		B9FF23D71B9812F800DE94B4 /* libopencv_core.2.4.12.dylib in Frameworks */ = {isa = PBXBuildFile; fileRef = B9FF23D31B9812F800DE94B4 /* libopencv_core.2.4.12.dylib */; };
		B9FF23D81B9812F800DE94B4 /* libopencv_highgui.2.4.12.dylib in Frameworks */ = {isa = PBXBuildFile; fileRef = B9FF23D41B9812F800DE94B4 /* libopencv_highgui.2.4.12.dylib */; };
		B9FF23D91B9812F800DE94B4 /* libopencv_imgproc.2.4.12.dylib in Frameworks */ = {isa = PBXBuildFile; fileRef = B9FF23D51B9812F800DE94B4 /* libopencv_imgproc.2.4.12.dylib */; };
		B9FF23DA1B9812F800DE94B4 /* libopencv_video.2.4.12.dylib in Frameworks */ = {isa = PBXBuildFile; fileRef = B9FF23D61B9812F800DE94B4 /* libopencv_video.2.4.12.dylib */; };
/* End PBXBuildFile section */

/* Begin PBXCopyFilesBuildPhase section */
		B9E1A2D41B3D159A0058FE19 /* CopyFiles */ = {
			isa = PBXCopyFilesBuildPhase;
			buildActionMask = 2147483647;
			dstPath = /usr/share/man/man1/;
			dstSubfolderSpec = 0;
			files = (
			);
			runOnlyForDeploymentPostprocessing = 1;
		};
/* End PBXCopyFilesBuildPhase section */

/* Begin PBXFileReference section */
		B949EE731B3D3AB200BCACE9 /* SuperpixelHandling.cpp */ = {isa = PBXFileReference; fileEncoding = 4; lastKnownFileType = sourcecode.cpp.cpp; path = SuperpixelHandling.cpp; sourceTree = "<group>"; };
		B949EE741B3D3AB200BCACE9 /* SuperpixelHandling.h */ = {isa = PBXFileReference; fileEncoding = 4; lastKnownFileType = sourcecode.c.h; path = SuperpixelHandling.h; sourceTree = "<group>"; };
		B9679E331C4396750007E93A /* libSLIC.a */ = {isa = PBXFileReference; lastKnownFileType = archive.ar; name = libSLIC.a; path = ../_Library/SLIC/SLIC/libSLIC.a; sourceTree = "<group>"; };
		B9679E351C4396850007E93A /* SLIC.h */ = {isa = PBXFileReference; fileEncoding = 4; lastKnownFileType = sourcecode.c.h; name = SLIC.h; path = ../../_Library/SLIC/SLIC/SLIC.h; sourceTree = "<group>"; };
		B980766A1B42591F00BA980C /* OpticalFlow.cpp */ = {isa = PBXFileReference; fileEncoding = 4; lastKnownFileType = sourcecode.cpp.cpp; path = OpticalFlow.cpp; sourceTree = "<group>"; };
		B980766B1B42591F00BA980C /* OpticalFlow.h */ = {isa = PBXFileReference; fileEncoding = 4; lastKnownFileType = sourcecode.c.h; path = OpticalFlow.h; sourceTree = "<group>"; };
		B9E1A2D61B3D159A0058FE19 /* SuperpixelSaliency */ = {isa = PBXFileReference; explicitFileType = "compiled.mach-o.executable"; includeInIndex = 0; path = SuperpixelSaliency; sourceTree = BUILT_PRODUCTS_DIR; };
		B9E1A2E81B3D17560058FE19 /* Define.h */ = {isa = PBXFileReference; fileEncoding = 4; lastKnownFileType = sourcecode.c.h; path = Define.h; sourceTree = "<group>"; };
		B9E1A2E91B3D17560058FE19 /* main.cpp */ = {isa = PBXFileReference; fileEncoding = 4; lastKnownFileType = sourcecode.cpp.cpp; path = main.cpp; sourceTree = "<group>"; };
		B9FF23D31B9812F800DE94B4 /* libopencv_core.2.4.12.dylib */ = {isa = PBXFileReference; lastKnownFileType = "compiled.mach-o.dylib"; name = libopencv_core.2.4.12.dylib; path = ../../../../../../usr/local/Cellar/opencv/2.4.12/lib/libopencv_core.2.4.12.dylib; sourceTree = "<group>"; };
		B9FF23D41B9812F800DE94B4 /* libopencv_highgui.2.4.12.dylib */ = {isa = PBXFileReference; lastKnownFileType = "compiled.mach-o.dylib"; name = libopencv_highgui.2.4.12.dylib; path = ../../../../../../usr/local/Cellar/opencv/2.4.12/lib/libopencv_highgui.2.4.12.dylib; sourceTree = "<group>"; };
		B9FF23D51B9812F800DE94B4 /* libopencv_imgproc.2.4.12.dylib */ = {isa = PBXFileReference; lastKnownFileType = "compiled.mach-o.dylib"; name = libopencv_imgproc.2.4.12.dylib; path = ../../../../../../usr/local/Cellar/opencv/2.4.12/lib/libopencv_imgproc.2.4.12.dylib; sourceTree = "<group>"; };
		B9FF23D61B9812F800DE94B4 /* libopencv_video.2.4.12.dylib */ = {isa = PBXFileReference; lastKnownFileType = "compiled.mach-o.dylib"; name = libopencv_video.2.4.12.dylib; path = ../../../../../../usr/local/Cellar/opencv/2.4.12/lib/libopencv_video.2.4.12.dylib; sourceTree = "<group>"; };
/* End PBXFileReference section */

/* Begin PBXFrameworksBuildPhase section */
		B9E1A2D31B3D159A0058FE19 /* Frameworks */ = {
			isa = PBXFrameworksBuildPhase;
			buildActionMask = 2147483647;
			files = (
				B9679E341C4396750007E93A /* libSLIC.a in Frameworks */,
				B9FF23D71B9812F800DE94B4 /* libopencv_core.2.4.12.dylib in Frameworks */,
				B9FF23D81B9812F800DE94B4 /* libopencv_highgui.2.4.12.dylib in Frameworks */,
				B9FF23D91B9812F800DE94B4 /* libopencv_imgproc.2.4.12.dylib in Frameworks */,
				B9FF23DA1B9812F800DE94B4 /* libopencv_video.2.4.12.dylib in Frameworks */,
			);
			runOnlyForDeploymentPostprocessing = 0;
		};
/* End PBXFrameworksBuildPhase section */

/* Begin PBXGroup section */
		B9E1A2CD1B3D159A0058FE19 = {
			isa = PBXGroup;
			children = (
				B9679E331C4396750007E93A /* libSLIC.a */,
				B9FF23D31B9812F800DE94B4 /* libopencv_core.2.4.12.dylib */,
				B9FF23D41B9812F800DE94B4 /* libopencv_highgui.2.4.12.dylib */,
				B9FF23D51B9812F800DE94B4 /* libopencv_imgproc.2.4.12.dylib */,
				B9FF23D61B9812F800DE94B4 /* libopencv_video.2.4.12.dylib */,
				B9E1A2D81B3D159A0058FE19 /* SuperpixelSaliency */,
				B9E1A2D71B3D159A0058FE19 /* Products */,
			);
			sourceTree = "<group>";
		};
		B9E1A2D71B3D159A0058FE19 /* Products */ = {
			isa = PBXGroup;
			children = (
				B9E1A2D61B3D159A0058FE19 /* SuperpixelSaliency */,
			);
			name = Products;
			sourceTree = "<group>";
		};
		B9E1A2D81B3D159A0058FE19 /* SuperpixelSaliency */ = {
			isa = PBXGroup;
			children = (
				B9E1A2E91B3D17560058FE19 /* main.cpp */,
				B980766A1B42591F00BA980C /* OpticalFlow.cpp */,
				B949EE731B3D3AB200BCACE9 /* SuperpixelHandling.cpp */,
				B980766B1B42591F00BA980C /* OpticalFlow.h */,
				B9679E351C4396850007E93A /* SLIC.h */,
				B949EE741B3D3AB200BCACE9 /* SuperpixelHandling.h */,
				B9E1A2E81B3D17560058FE19 /* Define.h */,
			);
			path = SuperpixelSaliency;
			sourceTree = "<group>";
		};
/* End PBXGroup section */

/* Begin PBXNativeTarget section */
		B9E1A2D51B3D159A0058FE19 /* SuperpixelSaliency */ = {
			isa = PBXNativeTarget;
			buildConfigurationList = B9E1A2DD1B3D159A0058FE19 /* Build configuration list for PBXNativeTarget "SuperpixelSaliency" */;
			buildPhases = (
				B9E1A2D21B3D159A0058FE19 /* Sources */,
				B9E1A2D31B3D159A0058FE19 /* Frameworks */,
				B9E1A2D41B3D159A0058FE19 /* CopyFiles */,
			);
			buildRules = (
			);
			dependencies = (
			);
			name = SuperpixelSaliency;
			productName = SuperpixelSaliency;
			productReference = B9E1A2D61B3D159A0058FE19 /* SuperpixelSaliency */;
			productType = "com.apple.product-type.tool";
		};
/* End PBXNativeTarget section */

/* Begin PBXProject section */
		B9E1A2CE1B3D159A0058FE19 /* Project object */ = {
			isa = PBXProject;
			attributes = {
				LastUpgradeCheck = 0630;
				ORGANIZATIONNAME = "Takayama Shota";
				TargetAttributes = {
					B9E1A2D51B3D159A0058FE19 = {
						CreatedOnToolsVersion = 6.3.2;
					};
				};
			};
			buildConfigurationList = B9E1A2D11B3D159A0058FE19 /* Build configuration list for PBXProject "SuperpixelSaliency" */;
			compatibilityVersion = "Xcode 3.2";
			developmentRegion = English;
			hasScannedForEncodings = 0;
			knownRegions = (
				en,
			);
			mainGroup = B9E1A2CD1B3D159A0058FE19;
			productRefGroup = B9E1A2D71B3D159A0058FE19 /* Products */;
			projectDirPath = "";
			projectRoot = "";
			targets = (
				B9E1A2D51B3D159A0058FE19 /* SuperpixelSaliency */,
			);
		};
/* End PBXProject section */

/* Begin PBXSourcesBuildPhase section */
		B9E1A2D21B3D159A0058FE19 /* Sources */ = {
			isa = PBXSourcesBuildPhase;
			buildActionMask = 2147483647;
			files = (
				B980766C1B42591F00BA980C /* OpticalFlow.cpp in Sources */,
				B949EE751B3D3AB200BCACE9 /* SuperpixelHandling.cpp in Sources */,
				B9E1A2EC1B3D17560058FE19 /* main.cpp in Sources */,
			);
			runOnlyForDeploymentPostprocessing = 0;
		};
/* End PBXSourcesBuildPhase section */

/* Begin XCBuildConfiguration section */
		B9E1A2DB1B3D159A0058FE19 /* Debug */ = {
			isa = XCBuildConfiguration;
			buildSettings = {
				ALWAYS_SEARCH_USER_PATHS = NO;
				CLANG_CXX_LANGUAGE_STANDARD = "gnu++0x";
				CLANG_CXX_LIBRARY = "libc++";
				CLANG_ENABLE_MODULES = YES;
				CLANG_ENABLE_OBJC_ARC = YES;
				CLANG_WARN_BOOL_CONVERSION = YES;
				CLANG_WARN_CONSTANT_CONVERSION = YES;
				CLANG_WARN_DIRECT_OBJC_ISA_USAGE = YES_ERROR;
				CLANG_WARN_EMPTY_BODY = YES;
				CLANG_WARN_ENUM_CONVERSION = YES;
				CLANG_WARN_INT_CONVERSION = YES;
				CLANG_WARN_OBJC_ROOT_CLASS = YES_ERROR;
				CLANG_WARN_UNREACHABLE_CODE = YES;
				CLANG_WARN__DUPLICATE_METHOD_MATCH = YES;
				COPY_PHASE_STRIP = NO;
				DEBUG_INFORMATION_FORMAT = dwarf;
				ENABLE_STRICT_OBJC_MSGSEND = YES;
				GCC_C_LANGUAGE_STANDARD = gnu99;
				GCC_DYNAMIC_NO_PIC = NO;
				GCC_NO_COMMON_BLOCKS = YES;
				GCC_OPTIMIZATION_LEVEL = 0;
				GCC_PREPROCESSOR_DEFINITIONS = (
					"DEBUG=1",
					"$(inherited)",
				);
				GCC_SYMBOLS_PRIVATE_EXTERN = NO;
				GCC_WARN_64_TO_32_BIT_CONVERSION = YES;
				GCC_WARN_ABOUT_RETURN_TYPE = YES_ERROR;
				GCC_WARN_UNDECLARED_SELECTOR = YES;
				GCC_WARN_UNINITIALIZED_AUTOS = YES_AGGRESSIVE;
				GCC_WARN_UNUSED_FUNCTION = YES;
				GCC_WARN_UNUSED_VARIABLE = YES;
				MACOSX_DEPLOYMENT_TARGET = 10.10;
				MTL_ENABLE_DEBUG_INFO = YES;
				ONLY_ACTIVE_ARCH = YES;
				SDKROOT = macosx;
			};
			name = Debug;
		};
		B9E1A2DC1B3D159A0058FE19 /* Release */ = {
			isa = XCBuildConfiguration;
			buildSettings = {
				ALWAYS_SEARCH_USER_PATHS = NO;
				CLANG_CXX_LANGUAGE_STANDARD = "gnu++0x";
				CLANG_CXX_LIBRARY = "libc++";
				CLANG_ENABLE_MODULES = YES;
				CLANG_ENABLE_OBJC_ARC = YES;
				CLANG_WARN_BOOL_CONVERSION = YES;
				CLANG_WARN_CONSTANT_CONVERSION = YES;
				CLANG_WARN_DIRECT_OBJC_ISA_USAGE = YES_ERROR;
				CLANG_WARN_EMPTY_BODY = YES;
				CLANG_WARN_ENUM_CONVERSION = YES;
				CLANG_WARN_INT_CONVERSION = YES;
				CLANG_WARN_OBJC_ROOT_CLASS = YES_ERROR;
				CLANG_WARN_UNREACHABLE_CODE = YES;
				CLANG_WARN__DUPLICATE_METHOD_MATCH = YES;
				COPY_PHASE_STRIP = NO;
				DEBUG_INFORMATION_FORMAT = "dwarf-with-dsym";
				ENABLE_NS_ASSERTIONS = NO;
				ENABLE_STRICT_OBJC_MSGSEND = YES;
				GCC_C_LANGUAGE_STANDARD = gnu99;
				GCC_NO_COMMON_BLOCKS = YES;
				GCC_WARN_64_TO_32_BIT_CONVERSION = YES;
				GCC_WARN_ABOUT_RETURN_TYPE = YES_ERROR;
				GCC_WARN_UNDECLARED_SELECTOR = YES;
				GCC_WARN_UNINITIALIZED_AUTOS = YES_AGGRESSIVE;
				GCC_WARN_UNUSED_FUNCTION = YES;
				GCC_WARN_UNUSED_VARIABLE = YES;
				MACOSX_DEPLOYMENT_TARGET = 10.10;
				MTL_ENABLE_DEBUG_INFO = NO;
				SDKROOT = macosx;
			};
			name = Release;
		};
		B9E1A2DE1B3D159A0058FE19 /* Debug */ = {
			isa = XCBuildConfiguration;
			buildSettings = {
				HEADER_SEARCH_PATHS = (
					"$(inherited)",
					/Applications/Xcode.app/Contents/Developer/Toolchains/XcodeDefault.xctoolchain/usr/include,
					"/usr/local/Cellar/opencv/**",
				);
				LIBRARY_SEARCH_PATHS = (
					"$(inherited)",
					/usr/local/Cellar/opencv/2.4.12/lib,
					"/Users/takayama/Documents/Program/C++/_Library/SLIC/SLIC",
				);
				PRODUCT_NAME = "$(TARGET_NAME)";
			};
			name = Debug;
		};
		B9E1A2DF1B3D159A0058FE19 /* Release */ = {
			isa = XCBuildConfiguration;
			buildSettings = {
				HEADER_SEARCH_PATHS = (
					"$(inherited)",
					/Applications/Xcode.app/Contents/Developer/Toolchains/XcodeDefault.xctoolchain/usr/include,
					"/usr/local/Cellar/opencv/**",
				);
				LIBRARY_SEARCH_PATHS = (
					"$(inherited)",
					/usr/local/Cellar/opencv/2.4.12/lib,
					"/Users/takayama/Documents/Program/C++/_Library/SLIC/SLIC",
				);
				PRODUCT_NAME = "$(TARGET_NAME)";
			};
			name = Release;
		};
/* End XCBuildConfiguration section */

/* Begin XCConfigurationList section */
		B9E1A2D11B3D159A0058FE19 /* Build configuration list for PBXProject "SuperpixelSaliency" */ = {
			isa = XCConfigurationList;
			buildConfigurations = (
				B9E1A2DB1B3D159A0058FE19 /* Debug */,
				B9E1A2DC1B3D159A0058FE19 /* Release */,
			);
			defaultConfigurationIsVisible = 0;
			defaultConfigurationName = Release;
		};
		B9E1A2DD1B3D159A0058FE19 /* Build configuration list for PBXNativeTarget "SuperpixelSaliency" */ = {
			isa = XCConfigurationList;
			buildConfigurations = (
				B9E1A2DE1B3D159A0058FE19 /* Debug */,
				B9E1A2DF1B3D159A0058FE19 /* Release */,
			);
			defaultConfigurationIsVisible = 0;
			defaultConfigurationName = Release;
		};
/* End XCConfigurationList section */
	};
	rootObject = B9E1A2CE1B3D159A0058FE19 /* Project object */;
}
